{
  "name": "vrma-converter",
  "version": "1.0.0",
  "lockfileVersion": 3,
  "requires": true,
  "packages": {
    "": {
      "name": "vrma-converter",
      "version": "1.0.0",
      "license": "ISC",
      "dependencies": {
        "@gltf-transform/core": "^4.3.0"
      }
    },
    "node_modules/@gltf-transform/core": {
      "version": "4.3.0",
      "resolved": "https://registry.npmjs.org/@gltf-transform/core/-/core-4.3.0.tgz",
      "integrity": "sha512-ZeaQfszGJ9LYwELszu45CuDQCsE26lJNNe36FVmN8xclaT6WDdCj7fwGpQXo0/l/YgAVAHX+uO7YNBW75/SRYw==",
      "license": "MIT",
      "dependencies": {
        "property-graph": "^4.0.0"
      },
      "funding": {
        "url": "https://github.com/sponsors/donmccurdy"
      }
    },
    "node_modules/property-graph": {
      "version": "4.0.0",
      "resolved": "https://registry.npmjs.org/property-graph/-/property-graph-4.0.0.tgz",
      "integrity": "sha512-I0hojAJfTbSCZy3y6xyK29eayxo14v1bj1VPiDkHjTdz33SV6RdfMz2AHnf4ai62Vng2mN5GkaKahkooBIo9gA==",
      "license": "MIT"
    }
  }
}
